{
  "name": "transformascii",
  "version": "1.0.0",
  "lockfileVersion": 3,
  "requires": true,
  "packages": {
    "": {
      "name": "transformascii",
      "version": "1.0.0",
      "dependencies": {
        "rvfc-polyfill": "^1.0.7"
      }
    },
    "node_modules/rvfc-polyfill": {
      "version": "1.0.7",
      "resolved": "https://registry.npmjs.org/rvfc-polyfill/-/rvfc-polyfill-1.0.7.tgz",
      "integrity": "sha512-seBl7J1J3/k0LuzW2T9fG6JIOpni5AbU+/87LA+zTYKgTVhsfShmS8K/yOo1eeEjGJHnAdkVAUUM+PEjN9Mpkw=="
    }
  }
}
